
Microsoft Visual Studio Solution File, Format Version 12.00
# Visual Studio 14
VisualStudioVersion = 14.0.25123.0
MinimumVisualStudioVersion = 10.0.40219.1
Project("{159641D6-6404-4A2A-AE62-294DE0FE8301}") = "SsisProjectDeployment", "SsisProjectDeployment\SsisProjectDeployment.dtproj", "{0E1C8F2B-DBB0-406D-B027-2ABC282FD36A}"
EndProject
Global
	GlobalSection(SolutionConfigurationPlatforms) = preSolution
		Development|Default = Development|Default
	EndGlobalSection
	GlobalSection(ProjectConfigurationPlatforms) = postSolution
		{0E1C8F2B-DBB0-406D-B027-2ABC282FD36A}.Development|Default.ActiveCfg = Development
		{0E1C8F2B-DBB0-406D-B027-2ABC282FD36A}.Development|Default.Build.0 = Development
	EndGlobalSection
	GlobalSection(SolutionProperties) = preSolution
		HideSolutionNode = FALSE
	EndGlobalSection
EndGlobal
